
Microsoft Visual Studio Solution File, Format Version 12.00
# Visual Studio Version 18
VisualStudioVersion = 18.0.11217.181
MinimumVisualStudioVersion = 10.0.40219.1
Project("{9A19103F-16F7-4668-BE54-9A1E7A4F7556}") = "TrainzInfo", "TrainzInfo\TrainzInfo.csproj", "{98FBFFE5-5D6A-4AF2-A7D5-29128266FCC8}"
EndProject
Project("{FAE04EC0-301F-11D3-BF4B-00C04F79EFBC}") = "TrainzInfoWebGW", "TrainzInfoWebGW\TrainzInfoWebGW.csproj", "{BA99FECD-FDD9-4842-A1BE-62055B4F9AA4}"
EndProject
Project("{FAE04EC0-301F-11D3-BF4B-00C04F79EFBC}") = "TrainzInfoWPF", "TrainzInfoWPF\TrainzInfoWPF.csproj", "{6DE0FF5A-F3B5-44F3-A67C-D9715D58AB46}"
EndProject
Project("{FAE04EC0-301F-11D3-BF4B-00C04F79EFBC}") = "TrainzInfoShared", "TrainzInfoShared\TrainzInfoShared.csproj", "{5B84C2D7-F6CF-42E6-A1B3-CAF0C87AEC94}"
EndProject
Global
	GlobalSection(SolutionConfigurationPlatforms) = preSolution
		Debug|Any CPU = Debug|Any CPU
		Release|Any CPU = Release|Any CPU
	EndGlobalSection
	GlobalSection(ProjectConfigurationPlatforms) = postSolution
		{98FBFFE5-5D6A-4AF2-A7D5-29128266FCC8}.Debug|Any CPU.ActiveCfg = Debug|Any CPU
		{98FBFFE5-5D6A-4AF2-A7D5-29128266FCC8}.Debug|Any CPU.Build.0 = Debug|Any CPU
		{98FBFFE5-5D6A-4AF2-A7D5-29128266FCC8}.Release|Any CPU.ActiveCfg = Release|Any CPU
		{98FBFFE5-5D6A-4AF2-A7D5-29128266FCC8}.Release|Any CPU.Build.0 = Release|Any CPU
		{BA99FECD-FDD9-4842-A1BE-62055B4F9AA4}.Debug|Any CPU.ActiveCfg = Debug|Any CPU
		{BA99FECD-FDD9-4842-A1BE-62055B4F9AA4}.Debug|Any CPU.Build.0 = Debug|Any CPU
		{BA99FECD-FDD9-4842-A1BE-62055B4F9AA4}.Release|Any CPU.ActiveCfg = Release|Any CPU
		{BA99FECD-FDD9-4842-A1BE-62055B4F9AA4}.Release|Any CPU.Build.0 = Release|Any CPU
		{6DE0FF5A-F3B5-44F3-A67C-D9715D58AB46}.Debug|Any CPU.ActiveCfg = Debug|Any CPU
		{6DE0FF5A-F3B5-44F3-A67C-D9715D58AB46}.Debug|Any CPU.Build.0 = Debug|Any CPU
		{6DE0FF5A-F3B5-44F3-A67C-D9715D58AB46}.Release|Any CPU.ActiveCfg = Release|Any CPU
		{6DE0FF5A-F3B5-44F3-A67C-D9715D58AB46}.Release|Any CPU.Build.0 = Release|Any CPU
		{5B84C2D7-F6CF-42E6-A1B3-CAF0C87AEC94}.Debug|Any CPU.ActiveCfg = Debug|Any CPU
		{5B84C2D7-F6CF-42E6-A1B3-CAF0C87AEC94}.Debug|Any CPU.Build.0 = Debug|Any CPU
		{5B84C2D7-F6CF-42E6-A1B3-CAF0C87AEC94}.Release|Any CPU.ActiveCfg = Release|Any CPU
		{5B84C2D7-F6CF-42E6-A1B3-CAF0C87AEC94}.Release|Any CPU.Build.0 = Release|Any CPU
	EndGlobalSection
	GlobalSection(SolutionProperties) = preSolution
		HideSolutionNode = FALSE
	EndGlobalSection
	GlobalSection(ExtensibilityGlobals) = postSolution
		SolutionGuid = {AD1A05AA-A95E-4AB7-BBAA-9CB5C1ECE97E}
	EndGlobalSection
EndGlobal
